
Microsoft Visual Studio Solution File, Format Version 12.00
# Visual Studio Version 16
VisualStudioVersion = 16.0.30309.148
MinimumVisualStudioVersion = 10.0.40219.1
Project("{9A19103F-16F7-4668-BE54-9A1E7A4F7556}") = "Recetas", "Recetas.csproj", "{20A34825-E8D6-446B-B720-B9E0E0771F42}"
EndProject
Global
	GlobalSection(SolutionConfigurationPlatforms) = preSolution
		Debug|Any CPU = Debug|Any CPU
		Release|Any CPU = Release|Any CPU
	EndGlobalSection
	GlobalSection(ProjectConfigurationPlatforms) = postSolution
		{20A34825-E8D6-446B-B720-B9E0E0771F42}.Debug|Any CPU.ActiveCfg = Debug|Any CPU
		{20A34825-E8D6-446B-B720-B9E0E0771F42}.Debug|Any CPU.Build.0 = Debug|Any CPU
		{20A34825-E8D6-446B-B720-B9E0E0771F42}.Release|Any CPU.ActiveCfg = Release|Any CPU
		{20A34825-E8D6-446B-B720-B9E0E0771F42}.Release|Any CPU.Build.0 = Release|Any CPU
	EndGlobalSection
	GlobalSection(SolutionProperties) = preSolution
		HideSolutionNode = FALSE
	EndGlobalSection
	GlobalSection(ExtensibilityGlobals) = postSolution
		SolutionGuid = {6FDDE1FF-5C35-431B-AED3-EEB9ED2DECD6}
	EndGlobalSection
EndGlobal
